
Microsoft Visual Studio Solution File, Format Version 12.00
# Visual Studio Version 16
VisualStudioVersion = 16.0.31402.337
MinimumVisualStudioVersion = 10.0.40219.1
Project("{2150E333-8FDC-42A3-9474-1A3956D46DE8}") = "Source", "Source", "{A16F461F-4D85-43AC-AC16-3C9DB634B171}"
EndProject
Project("{2150E333-8FDC-42A3-9474-1A3956D46DE8}") = "WebApi", "WebApi", "{DE204E45-4183-4A4B-8020-149DD501D003}"
EndProject
Project("{9A19103F-16F7-4668-BE54-9A1E7A4F7556}") = "WEBAPI_CORE.WebApi", "WEBAPI_CORE\WEBAPI_CORE.WebApi\WEBAPI_CORE.WebApi.csproj", "{3B7FB8CC-EF5A-421B-A2D8-1B948A96D959}"
EndProject
Project("{2150E333-8FDC-42A3-9474-1A3956D46DE8}") = "Core", "Core", "{A7975EDA-40C1-4F84-86D6-818C3BA9DAB6}"
EndProject
Project("{9A19103F-16F7-4668-BE54-9A1E7A4F7556}") = "WEBAPI_CORE.Application", "WEBAPI_CORE\WEBAPI_CORE.Application\WEBAPI_CORE.Application.csproj", "{B7AC660B-1F60-4EB6-8B19-DF037056AEF6}"
EndProject
Project("{9A19103F-16F7-4668-BE54-9A1E7A4F7556}") = "WEBAPI_CORE.Domain", "WEBAPI_CORE\WEBAPI_CORE.Domain\WEBAPI_CORE.Domain.csproj", "{FD05E742-2F5B-4DA9-915F-9926852FAF4C}"
EndProject
Project("{2150E333-8FDC-42A3-9474-1A3956D46DE8}") = "Infrastructure", "Infrastructure", "{A8CA81AD-2C76-4E83-83A6-E871B2B58AEE}"
EndProject
Project("{9A19103F-16F7-4668-BE54-9A1E7A4F7556}") = "WEBAPI_CORE.Infrastructure.Identity", "WEBAPI_CORE\WEBAPI_CORE.Infrastructure.Identity\WEBAPI_CORE.Infrastructure.Identity.csproj", "{98B9D950-768E-4991-9211-8485E8511C6D}"
EndProject
Project("{9A19103F-16F7-4668-BE54-9A1E7A4F7556}") = "WEBAPI_CORE.Infrastructure.Persistence", "WEBAPI_CORE\WEBAPI_CORE.Infrastructure.Persistence\WEBAPI_CORE.Infrastructure.Persistence.csproj", "{176058BB-9A6D-45C1-93F5-D38E8C5DA31B}"
EndProject
Project("{9A19103F-16F7-4668-BE54-9A1E7A4F7556}") = "WEBAPI_CORE.Infrastructure.Shared", "WEBAPI_CORE\WEBAPI_CORE.Infrastructure.Shared\WEBAPI_CORE.Infrastructure.Shared.csproj", "{FAA56F95-9C9D-4A3D-9ABE-E97BB675E982}"
EndProject
Project("{2150E333-8FDC-42A3-9474-1A3956D46DE8}") = "Test", "Test", "{E9A7E00C-B336-4E88-9878-E2A9493B5346}"
EndProject
Project("{2150E333-8FDC-42A3-9474-1A3956D46DE8}") = "Core", "Core", "{D44791B7-0BA2-4897-8557-E6312ED038BA}"
EndProject
Project("{2150E333-8FDC-42A3-9474-1A3956D46DE8}") = "Controllers", "Controllers", "{0002F552-FA2E-43C8-A4B3-E7092F761AAD}"
EndProject
Project("{FAE04EC0-301F-11D3-BF4B-00C04F79EFBC}") = "WEBAPI_CORE.WebApiTestsAPI", "WEBAPI_CORE\WEBAPI_CORE.WebApiTestsAPI\WEBAPI_CORE.WebApiTestsAPI.csproj", "{AE3AD8BF-5A72-498A-9AD1-9D0EE481078F}"
EndProject
Global
	GlobalSection(SolutionConfigurationPlatforms) = preSolution
		Debug|Any CPU = Debug|Any CPU
		Release|Any CPU = Release|Any CPU
	EndGlobalSection
	GlobalSection(ProjectConfigurationPlatforms) = postSolution
		{3B7FB8CC-EF5A-421B-A2D8-1B948A96D959}.Debug|Any CPU.ActiveCfg = Debug|Any CPU
		{3B7FB8CC-EF5A-421B-A2D8-1B948A96D959}.Debug|Any CPU.Build.0 = Debug|Any CPU
		{3B7FB8CC-EF5A-421B-A2D8-1B948A96D959}.Release|Any CPU.ActiveCfg = Release|Any CPU
		{3B7FB8CC-EF5A-421B-A2D8-1B948A96D959}.Release|Any CPU.Build.0 = Release|Any CPU
		{B7AC660B-1F60-4EB6-8B19-DF037056AEF6}.Debug|Any CPU.ActiveCfg = Debug|Any CPU
		{B7AC660B-1F60-4EB6-8B19-DF037056AEF6}.Debug|Any CPU.Build.0 = Debug|Any CPU
		{B7AC660B-1F60-4EB6-8B19-DF037056AEF6}.Release|Any CPU.ActiveCfg = Release|Any CPU
		{B7AC660B-1F60-4EB6-8B19-DF037056AEF6}.Release|Any CPU.Build.0 = Release|Any CPU
		{FD05E742-2F5B-4DA9-915F-9926852FAF4C}.Debug|Any CPU.ActiveCfg = Debug|Any CPU
		{FD05E742-2F5B-4DA9-915F-9926852FAF4C}.Debug|Any CPU.Build.0 = Debug|Any CPU
		{FD05E742-2F5B-4DA9-915F-9926852FAF4C}.Release|Any CPU.ActiveCfg = Release|Any CPU
		{FD05E742-2F5B-4DA9-915F-9926852FAF4C}.Release|Any CPU.Build.0 = Release|Any CPU
		{98B9D950-768E-4991-9211-8485E8511C6D}.Debug|Any CPU.ActiveCfg = Debug|Any CPU
		{98B9D950-768E-4991-9211-8485E8511C6D}.Debug|Any CPU.Build.0 = Debug|Any CPU
		{98B9D950-768E-4991-9211-8485E8511C6D}.Release|Any CPU.ActiveCfg = Release|Any CPU
		{98B9D950-768E-4991-9211-8485E8511C6D}.Release|Any CPU.Build.0 = Release|Any CPU
		{176058BB-9A6D-45C1-93F5-D38E8C5DA31B}.Debug|Any CPU.ActiveCfg = Debug|Any CPU
		{176058BB-9A6D-45C1-93F5-D38E8C5DA31B}.Debug|Any CPU.Build.0 = Debug|Any CPU
		{176058BB-9A6D-45C1-93F5-D38E8C5DA31B}.Release|Any CPU.ActiveCfg = Release|Any CPU
		{176058BB-9A6D-45C1-93F5-D38E8C5DA31B}.Release|Any CPU.Build.0 = Release|Any CPU
		{FAA56F95-9C9D-4A3D-9ABE-E97BB675E982}.Debug|Any CPU.ActiveCfg = Debug|Any CPU
		{FAA56F95-9C9D-4A3D-9ABE-E97BB675E982}.Debug|Any CPU.Build.0 = Debug|Any CPU
		{FAA56F95-9C9D-4A3D-9ABE-E97BB675E982}.Release|Any CPU.ActiveCfg = Release|Any CPU
		{FAA56F95-9C9D-4A3D-9ABE-E97BB675E982}.Release|Any CPU.Build.0 = Release|Any CPU
		{AE3AD8BF-5A72-498A-9AD1-9D0EE481078F}.Debug|Any CPU.ActiveCfg = Debug|Any CPU
		{AE3AD8BF-5A72-498A-9AD1-9D0EE481078F}.Debug|Any CPU.Build.0 = Debug|Any CPU
		{AE3AD8BF-5A72-498A-9AD1-9D0EE481078F}.Release|Any CPU.ActiveCfg = Release|Any CPU
		{AE3AD8BF-5A72-498A-9AD1-9D0EE481078F}.Release|Any CPU.Build.0 = Release|Any CPU
	EndGlobalSection
	GlobalSection(SolutionProperties) = preSolution
		HideSolutionNode = FALSE
	EndGlobalSection
	GlobalSection(NestedProjects) = preSolution
		{DE204E45-4183-4A4B-8020-149DD501D003} = {A16F461F-4D85-43AC-AC16-3C9DB634B171}
		{3B7FB8CC-EF5A-421B-A2D8-1B948A96D959} = {DE204E45-4183-4A4B-8020-149DD501D003}
		{A7975EDA-40C1-4F84-86D6-818C3BA9DAB6} = {A16F461F-4D85-43AC-AC16-3C9DB634B171}
		{B7AC660B-1F60-4EB6-8B19-DF037056AEF6} = {A7975EDA-40C1-4F84-86D6-818C3BA9DAB6}
		{FD05E742-2F5B-4DA9-915F-9926852FAF4C} = {A7975EDA-40C1-4F84-86D6-818C3BA9DAB6}
		{A8CA81AD-2C76-4E83-83A6-E871B2B58AEE} = {A16F461F-4D85-43AC-AC16-3C9DB634B171}
		{98B9D950-768E-4991-9211-8485E8511C6D} = {A8CA81AD-2C76-4E83-83A6-E871B2B58AEE}
		{176058BB-9A6D-45C1-93F5-D38E8C5DA31B} = {A8CA81AD-2C76-4E83-83A6-E871B2B58AEE}
		{FAA56F95-9C9D-4A3D-9ABE-E97BB675E982} = {A8CA81AD-2C76-4E83-83A6-E871B2B58AEE}
		{E9A7E00C-B336-4E88-9878-E2A9493B5346} = {A16F461F-4D85-43AC-AC16-3C9DB634B171}
		{D44791B7-0BA2-4897-8557-E6312ED038BA} = {E9A7E00C-B336-4E88-9878-E2A9493B5346}
		{0002F552-FA2E-43C8-A4B3-E7092F761AAD} = {E9A7E00C-B336-4E88-9878-E2A9493B5346}
	EndGlobalSection
	GlobalSection(ExtensibilityGlobals) = postSolution
		SolutionGuid = {6ACCED3E-4F03-4E2F-AE29-953427556FBA}
	EndGlobalSection
EndGlobal
